<?xml version="1.0" encoding="utf-8"?>
<Project ToolsVersion="4.0" xmlns="http://schemas.microsoft.com/developer/msbuild/2003">
  <ItemGroup>
    <Filter Include="Source Files">
      <UniqueIdentifier>{4FC737F1-C7A5-4376-A066-2A32D752A2FF}</UniqueIdentifier>
      <Extensions>cpp;c;cc;cxx;c++;cppm;ixx;def;odl;idl;hpj;bat;asm;asmx</Extensions>
    </Filter>
    <Filter Include="Header Files">
      <UniqueIdentifier>{93995380-89BD-4b04-88EB-625FBE52EBFB}</UniqueIdentifier>
      <Extensions>h;hh;hpp;hxx;h++;hm;inl;inc;ipp;xsd</Extensions>
    </Filter>
    <Filter Include="Resource Files">
      <UniqueIdentifier>{67DA6AB6-F800-4c08-8B7A-83BB121AAD01}</UniqueIdentifier>
      <Extensions>rc;ico;cur;bmp;dlg;rc2;rct;bin;rgs;gif;jpg;jpeg;jpe;resx;tiff;tif;png;wav;mfcribbon-ms</Extensions>
    </Filter>
    <Filter Include="Header Files\Data">
      <UniqueIdentifier>{6fb227c1-294c-44d7-897b-815bee31a9fc}</UniqueIdentifier>
    </Filter>
    <Filter Include="Source Files\Data">
      <UniqueIdentifier>{d9e85197-2380-4dfc-b668-63c148e3dc6b}</UniqueIdentifier>
    </Filter>
  </ItemGroup>
  <ItemGroup>
    <ClCompile Include="Server.cpp">
      <Filter>Source Files</Filter>
    </ClCompile>
    <ClCompile Include="Server_V1.1.cpp">
      <Filter>Source Files</Filter>
    </ClCompile>
    <ClCompile Include="Session.cpp">
      <Filter>Source Files</Filter>
    </ClCompile>
    <ClCompile Include="SSL.cpp">
      <Filter>Source Files</Filter>
    </ClCompile>
    <ClCompile Include="DataRead.cpp">
      <Filter>Source Files\Data</Filter>
    </ClCompile>
    <ClCompile Include="DataDelete.cpp">
      <Filter>Source Files\Data</Filter>
    </ClCompile>
    <ClCompile Include="DataUpdate.cpp">
      <Filter>Source Files\Data</Filter>
    </ClCompile>
    <ClCompile Include="DataWrite.cpp">
      <Filter>Source Files\Data</Filter>
    </ClCompile>
    <ClCompile Include="client_session.cpp">
      <Filter>Source Files</Filter>
    </ClCompile>
  </ItemGroup>
  <ItemGroup>
    <ClInclude Include="Server.h">
      <Filter>Header Files</Filter>
    </ClInclude>
    <ClInclude Include="Session.h">
      <Filter>Header Files</Filter>
    </ClInclude>
    <ClInclude Include="Logger.h">
      <Filter>Header Files</Filter>
    </ClInclude>
    <ClInclude Include="DataRead.h">
      <Filter>Header Files\Data</Filter>
    </ClInclude>
    <ClInclude Include="DataDelete.h">
      <Filter>Header Files\Data</Filter>
    </ClInclude>
    <ClInclude Include="DataUpdate.h">
      <Filter>Header Files\Data</Filter>
    </ClInclude>
    <ClInclude Include="DataWrite.h">
      <Filter>Header Files\Data</Filter>
    </ClInclude>
    <ClInclude Include="client_session.h">
      <Filter>Header Files</Filter>
    </ClInclude>
  </ItemGroup>
</Project>